
Microsoft Visual Studio Solution File, Format Version 12.00
# Visual Studio Version 16
VisualStudioVersion = 16.0.30523.141
MinimumVisualStudioVersion = 10.0.40219.1
Project("{FAE04EC0-301F-11D3-BF4B-00C04F79EFBC}") = "471 Stepanenko Lab 3_4_5", "471 Stepanenko Lab 3_4_5\471 Stepanenko Lab 3_4_5.csproj", "{143CAC66-C010-49A3-8566-7DE2D6F7CDD2}"
EndProject
Global
	GlobalSection(SolutionConfigurationPlatforms) = preSolution
		Debug|Any CPU = Debug|Any CPU
		Release|Any CPU = Release|Any CPU
	EndGlobalSection
	GlobalSection(ProjectConfigurationPlatforms) = postSolution
		{143CAC66-C010-49A3-8566-7DE2D6F7CDD2}.Debug|Any CPU.ActiveCfg = Debug|Any CPU
		{143CAC66-C010-49A3-8566-7DE2D6F7CDD2}.Debug|Any CPU.Build.0 = Debug|Any CPU
		{143CAC66-C010-49A3-8566-7DE2D6F7CDD2}.Release|Any CPU.ActiveCfg = Release|Any CPU
		{143CAC66-C010-49A3-8566-7DE2D6F7CDD2}.Release|Any CPU.Build.0 = Release|Any CPU
	EndGlobalSection
	GlobalSection(SolutionProperties) = preSolution
		HideSolutionNode = FALSE
	EndGlobalSection
	GlobalSection(ExtensibilityGlobals) = postSolution
		SolutionGuid = {0FE08538-F2A8-409C-9777-EDCCD54320DE}
	EndGlobalSection
EndGlobal
